{
    "name": "h1emu-zone2json",
    "version": "1.3.4",
    "lockfileVersion": 2,
    "requires": true,
    "packages": {
        "": {
            "name": "h1emu-zone2json",
            "version": "1.3.4",
            "hasInstallScript": true,
            "license": "MIT",
            "dependencies": {
                "@types/node": "^20.11.26",
                "h1emu-zone2json": "^1.3.4",
                "h1z1-dataschema": "^1.5.11",
                "typescript": "^5.4.2"
            }
        },
        "node_modules/@types/json-schema": {
            "version": "7.0.11",
            "resolved": "https://registry.npmjs.org/@types/json-schema/-/json-schema-7.0.11.tgz",
            "integrity": "sha512-wOuvG1SN4Us4rez+tylwwwCV1psiNVOkJeM3AUWUNWg/jDQY2+HE/444y5gc+jBmRqASOm2Oeh5c1axHobwRKQ=="
        },
        "node_modules/@types/node": {
            "version": "20.11.26",
            "resolved": "https://registry.npmjs.org/@types/node/-/node-20.11.26.tgz",
            "integrity": "sha512-YwOMmyhNnAWijOBQweOJnQPl068Oqd4K3OFbTc6AHJwzweUwwWG3GIFY74OKks2PJUDkQPeddOQES9mLn1CTEQ==",
            "dependencies": {
                "undici-types": "~5.26.4"
            }
        },
        "node_modules/h1emu-zone2json": {
            "version": "1.3.4",
            "resolved": "https://registry.npmjs.org/h1emu-zone2json/-/h1emu-zone2json-1.3.4.tgz",
            "integrity": "sha512-OFTyKk+uP5SXTm+SE7mXZUa+TW5MyvNNoArbRUWC8tzg5vbDVKRcl3FRmVsJYiSxPzfXPutnEYImhD1xsbt1bw==",
            "hasInstallScript": true,
            "license": "MIT",
            "dependencies": {
                "@types/node": "^20.11.26",
                "h1z1-dataschema": "^1.5.11",
                "typescript": "^5.4.2"
            }
        },
        "node_modules/h1z1-buffer": {
            "version": "1.0.1",
            "resolved": "https://registry.npmjs.org/h1z1-buffer/-/h1z1-buffer-1.0.1.tgz",
            "integrity": "sha512-u9EYJ1zzhc8UUKkpyLbO1qVeNrW+ixUZjcILPFqd3pVTwwceOvEhpgNYnnmp5RfHr0YyTmfbrN1z7LZyf63TLg=="
        },
        "node_modules/h1z1-dataschema": {
            "version": "1.5.11",
            "resolved": "https://registry.npmjs.org/h1z1-dataschema/-/h1z1-dataschema-1.5.11.tgz",
            "integrity": "sha512-SIdwxrl7jTqmc43ykoT+DH0dOkYvUqewZL9Cwm09Rmhs0vMEiLPy8V2ppfibuhdgrpfhJkgJQU2jMgUVwhJZiw==",
            "hasInstallScript": true,
            "dependencies": {
                "@types/json-schema": "^7.0.11",
                "@types/node": "17.0.25",
                "h1z1-buffer": "1.0.1",
                "typescript": "4.6.3"
            }
        },
        "node_modules/h1z1-dataschema/node_modules/@types/node": {
            "version": "17.0.25",
            "resolved": "https://registry.npmjs.org/@types/node/-/node-17.0.25.tgz",
            "integrity": "sha512-wANk6fBrUwdpY4isjWrKTufkrXdu1D2YHCot2fD/DfWxF5sMrVSA+KN7ydckvaTCh0HiqX9IVl0L5/ZoXg5M7w=="
        },
        "node_modules/h1z1-dataschema/node_modules/typescript": {
            "version": "4.6.3",
            "resolved": "https://registry.npmjs.org/typescript/-/typescript-4.6.3.tgz",
            "integrity": "sha512-yNIatDa5iaofVozS/uQJEl3JRWLKKGJKh6Yaiv0GLGSuhpFJe7P3SbHZ8/yjAHRQwKRoA6YZqlfjXWmVzoVSMw==",
            "bin": {
                "tsc": "bin/tsc",
                "tsserver": "bin/tsserver"
            },
            "engines": {
                "node": ">=4.2.0"
            }
        },
        "node_modules/typescript": {
            "version": "5.4.2",
            "resolved": "https://registry.npmjs.org/typescript/-/typescript-5.4.2.tgz",
            "integrity": "sha512-+2/g0Fds1ERlP6JsakQQDXjZdZMM+rqpamFZJEKh4kwTIn3iDkgKtby0CeNd5ATNZ4Ry1ax15TMx0W2V+miizQ==",
            "bin": {
                "tsc": "bin/tsc",
                "tsserver": "bin/tsserver"
            },
            "engines": {
                "node": ">=14.17"
            }
        },
        "node_modules/undici-types": {
            "version": "5.26.5",
            "resolved": "https://registry.npmjs.org/undici-types/-/undici-types-5.26.5.tgz",
            "integrity": "sha512-JlCMO+ehdEIKqlFxk6IfVoAUVmgz7cU7zD/h9XZ0qzeosSHmUJVOzSQvvYSYWXkFXC+IfLKSIffhv0sVZup6pA=="
        }
    },
    "dependencies": {
        "@types/json-schema": {
            "version": "7.0.11",
            "resolved": "https://registry.npmjs.org/@types/json-schema/-/json-schema-7.0.11.tgz",
            "integrity": "sha512-wOuvG1SN4Us4rez+tylwwwCV1psiNVOkJeM3AUWUNWg/jDQY2+HE/444y5gc+jBmRqASOm2Oeh5c1axHobwRKQ=="
        },
        "@types/node": {
            "version": "20.11.26",
            "resolved": "https://registry.npmjs.org/@types/node/-/node-20.11.26.tgz",
            "integrity": "sha512-YwOMmyhNnAWijOBQweOJnQPl068Oqd4K3OFbTc6AHJwzweUwwWG3GIFY74OKks2PJUDkQPeddOQES9mLn1CTEQ==",
            "requires": {
                "undici-types": "~5.26.4"
            }
        },
        "h1emu-zone2json": {
            "version": "1.3.4",
            "resolved": "https://registry.npmjs.org/h1emu-zone2json/-/h1emu-zone2json-1.3.4.tgz",
            "integrity": "sha512-OFTyKk+uP5SXTm+SE7mXZUa+TW5MyvNNoArbRUWC8tzg5vbDVKRcl3FRmVsJYiSxPzfXPutnEYImhD1xsbt1bw==",
            "requires": {
                "@types/node": "^20.11.26",
                "h1z1-dataschema": "^1.5.11",
                "typescript": "^5.4.2"
            }
        },
        "h1z1-buffer": {
            "version": "1.0.1",
            "resolved": "https://registry.npmjs.org/h1z1-buffer/-/h1z1-buffer-1.0.1.tgz",
            "integrity": "sha512-u9EYJ1zzhc8UUKkpyLbO1qVeNrW+ixUZjcILPFqd3pVTwwceOvEhpgNYnnmp5RfHr0YyTmfbrN1z7LZyf63TLg=="
        },
        "h1z1-dataschema": {
            "version": "1.5.11",
            "resolved": "https://registry.npmjs.org/h1z1-dataschema/-/h1z1-dataschema-1.5.11.tgz",
            "integrity": "sha512-SIdwxrl7jTqmc43ykoT+DH0dOkYvUqewZL9Cwm09Rmhs0vMEiLPy8V2ppfibuhdgrpfhJkgJQU2jMgUVwhJZiw==",
            "requires": {
                "@types/json-schema": "^7.0.11",
                "@types/node": "17.0.25",
                "h1z1-buffer": "1.0.1",
                "typescript": "4.6.3"
            },
            "dependencies": {
                "@types/node": {
                    "version": "17.0.25",
                    "resolved": "https://registry.npmjs.org/@types/node/-/node-17.0.25.tgz",
                    "integrity": "sha512-wANk6fBrUwdpY4isjWrKTufkrXdu1D2YHCot2fD/DfWxF5sMrVSA+KN7ydckvaTCh0HiqX9IVl0L5/ZoXg5M7w=="
                },
                "typescript": {
                    "version": "4.6.3",
                    "resolved": "https://registry.npmjs.org/typescript/-/typescript-4.6.3.tgz",
                    "integrity": "sha512-yNIatDa5iaofVozS/uQJEl3JRWLKKGJKh6Yaiv0GLGSuhpFJe7P3SbHZ8/yjAHRQwKRoA6YZqlfjXWmVzoVSMw=="
                }
            }
        },
        "typescript": {
            "version": "5.4.2",
            "resolved": "https://registry.npmjs.org/typescript/-/typescript-5.4.2.tgz",
            "integrity": "sha512-+2/g0Fds1ERlP6JsakQQDXjZdZMM+rqpamFZJEKh4kwTIn3iDkgKtby0CeNd5ATNZ4Ry1ax15TMx0W2V+miizQ=="
        },
        "undici-types": {
            "version": "5.26.5",
            "resolved": "https://registry.npmjs.org/undici-types/-/undici-types-5.26.5.tgz",
            "integrity": "sha512-JlCMO+ehdEIKqlFxk6IfVoAUVmgz7cU7zD/h9XZ0qzeosSHmUJVOzSQvvYSYWXkFXC+IfLKSIffhv0sVZup6pA=="
        }
    }
}
